
Microsoft Visual Studio Solution File, Format Version 12.00
# Visual Studio Version 17
VisualStudioVersion = 17.4.33213.308
MinimumVisualStudioVersion = 10.0.40219.1
Project("{8BC9CEB8-8B4A-11D0-8D11-00A0C91BC942}") = "Hw_29_01_2023_Repetition_of_the_past", "Hw_29_01_2023_Repetition_of_the_past.vcxproj", "{2AB725D4-13C6-43A2-82B2-7193DA1B24C0}"
EndProject
Global
	GlobalSection(SolutionConfigurationPlatforms) = preSolution
		Debug|x64 = Debug|x64
		Debug|x86 = Debug|x86
		Release|x64 = Release|x64
		Release|x86 = Release|x86
	EndGlobalSection
	GlobalSection(ProjectConfigurationPlatforms) = postSolution
		{2AB725D4-13C6-43A2-82B2-7193DA1B24C0}.Debug|x64.ActiveCfg = Debug|x64
		{2AB725D4-13C6-43A2-82B2-7193DA1B24C0}.Debug|x64.Build.0 = Debug|x64
		{2AB725D4-13C6-43A2-82B2-7193DA1B24C0}.Debug|x86.ActiveCfg = Debug|Win32
		{2AB725D4-13C6-43A2-82B2-7193DA1B24C0}.Debug|x86.Build.0 = Debug|Win32
		{2AB725D4-13C6-43A2-82B2-7193DA1B24C0}.Release|x64.ActiveCfg = Release|x64
		{2AB725D4-13C6-43A2-82B2-7193DA1B24C0}.Release|x64.Build.0 = Release|x64
		{2AB725D4-13C6-43A2-82B2-7193DA1B24C0}.Release|x86.ActiveCfg = Release|Win32
		{2AB725D4-13C6-43A2-82B2-7193DA1B24C0}.Release|x86.Build.0 = Release|Win32
	EndGlobalSection
	GlobalSection(SolutionProperties) = preSolution
		HideSolutionNode = FALSE
	EndGlobalSection
	GlobalSection(ExtensibilityGlobals) = postSolution
		SolutionGuid = {F2EB1E69-3899-45E1-AB21-D413F77566C7}
	EndGlobalSection
EndGlobal
